<?xml version="1.0" encoding="utf-8"?>
<Project ToolsVersion="4.0" xmlns="http://schemas.microsoft.com/developer/msbuild/2003">
  <ItemGroup>
    <ClCompile Include="DiveCollider.cpp" />
    <ClCompile Include="DiveState.cpp" />
    <ClCompile Include="Animation.cpp" />
    <ClCompile Include="Animator.cpp" />
    <ClCompile Include="Arrow.cpp" />
    <ClCompile Include="Ball.cpp" />
    <ClCompile Include="Collider.cpp" />
    <ClCompile Include="CollisionMgr.cpp" />
    <ClCompile Include="Core.cpp" />
    <ClCompile Include="EventMgr.cpp" />
    <ClCompile Include="Flag.cpp" />
    <ClCompile Include="func.cpp" />
    <ClCompile Include="Goal.cpp" />
    <ClCompile Include="GoalCircle.cpp" />
    <ClCompile Include="GoalText.cpp" />
    <ClCompile Include="IdleState.cpp" />
    <ClCompile Include="Image.cpp" />
    <ClCompile Include="InGameUI.cpp" />
    <ClCompile Include="KeyMgr.cpp" />
    <ClCompile Include="main.cpp" />
    <ClCompile Include="BWindow.cpp" />
    <ClCompile Include="Object.cpp" />
    <ClCompile Include="Outline.cpp" />
    <ClCompile Include="PathMgr.cpp" />
    <ClCompile Include="Player.cpp" />
    <ClCompile Include="Res.cpp" />
    <ClCompile Include="ResMgr.cpp" />
    <ClCompile Include="RunState.cpp" />
    <ClCompile Include="Scene.cpp" />
    <ClCompile Include="SceneMgr.cpp" />
    <ClCompile Include="Scene_Stage.cpp" />
    <ClCompile Include="Scene_Start.cpp" />
    <ClCompile Include="Scene_InGame.cpp" />
    <ClCompile Include="SelectGDI.cpp" />
    <ClCompile Include="Sound.cpp" />
    <ClCompile Include="SoundMgr.cpp" />
    <ClCompile Include="Staduim.cpp" />
    <ClCompile Include="StageData.cpp" />
    <ClCompile Include="StageMgr.cpp" />
    <ClCompile Include="StartPlayer.cpp" />
    <ClCompile Include="StartSceneText.cpp" />
    <ClCompile Include="State.cpp" />
    <ClCompile Include="StateMachine.cpp" />
    <ClCompile Include="TackleState.cpp" />
    <ClCompile Include="Goalkeeper.cpp" />
    <ClCompile Include="TimeMgr.cpp" />
    <ClCompile Include="TouchLine.cpp" />
    <ClCompile Include="Vec2.cpp" />
    <ClCompile Include="VSIcon.cpp" />
    <ClCompile Include="pch.cpp" />
  </ItemGroup>
  <ItemGroup>
    <ClInclude Include="Animation.h" />
    <ClInclude Include="Animator.h" />
    <ClInclude Include="apiframeworktest.h" />
    <ClInclude Include="Arrow.h" />
    <ClInclude Include="Ball.h" />
    <ClInclude Include="BWindow.h" />
    <ClInclude Include="Collider.h" />
    <ClInclude Include="CollisionMgr.h" />
    <ClInclude Include="Core.h" />
    <ClInclude Include="define.h" />
    <ClInclude Include="DiveCollider.h" />
    <ClInclude Include="EventMgr.h" />
    <ClInclude Include="Flag.h" />
    <ClInclude Include="framework.h" />
    <ClInclude Include="func.h" />
    <ClInclude Include="Goal.h" />
    <ClInclude Include="GoalCircle.h" />
    <ClInclude Include="GoalText.h" />
    <ClInclude Include="IdleState.h" />
    <ClInclude Include="Image.h" />
    <ClInclude Include="InGameUI.h" />
    <ClInclude Include="KeyMgr.h" />
    <ClInclude Include="Object.h" />
    <ClInclude Include="Outline.h" />
    <ClInclude Include="PathMgr.h" />
    <ClInclude Include="pch.h" />
    <ClInclude Include="Player.h" />
    <ClInclude Include="Res.h" />
    <ClInclude Include="ResMgr.h" />
    <ClInclude Include="Resource.h" />
    <ClInclude Include="RunState.h" />
    <ClInclude Include="Scene.h" />
    <ClInclude Include="SceneMgr.h" />
    <ClInclude Include="Scene_Stage.h" />
    <ClInclude Include="Scene_Start.h" />
    <ClInclude Include="Scene_InGame.h" />
    <ClInclude Include="SelectGDI.h" />
    <ClInclude Include="Sound.h" />
    <ClInclude Include="SoundMgr.h" />
    <ClInclude Include="Staduim.h" />
    <ClInclude Include="StageData.h" />
    <ClInclude Include="StageMgr.h" />
    <ClInclude Include="StartPlayer.h" />
    <ClInclude Include="StartSceneText.h" />
    <ClInclude Include="State.h" />
    <ClInclude Include="StateMachine.h" />
    <ClInclude Include="TackleState.h" />
    <ClInclude Include="targetver.h" />
    <ClInclude Include="Goalkeeper.h" />
    <ClInclude Include="TimeMgr.h" />
    <ClInclude Include="TouchLine.h" />
    <ClInclude Include="Vec2.h" />
    <ClInclude Include="VSIcon.h" />
  </ItemGroup>
  <ItemGroup>
    <ResourceCompile Include="apiframeworktest.rc" />
  </ItemGroup>
  <ItemGroup>
    <Image Include="apiframeworktest.ico" />
    <Image Include="small.ico" />
  </ItemGroup>
</Project>